{
    "version": 3,
    "terraform_version": "0.11.3",
    "serial": 21,
    "lineage": "3107c0d2-9764-48d7-894a-ee905e95c760",
    "modules": [
        {
            "path": [
                "root"
            ],
            "outputs": {},
            "resources": {
                "aws_acm_certificate.cert": {
                    "type": "aws_acm_certificate",
                    "depends_on": [],
                    "primary": {
                        "id": "arn:aws:acm:us-east-1:526449708163:certificate/2705ee29-ddd3-410c-94f9-d5c2053b6434",
                        "attributes": {
                            "arn": "arn:aws:acm:us-east-1:526449708163:certificate/2705ee29-ddd3-410c-94f9-d5c2053b6434",
                            "domain_name": "template.grassfeddata.com",
                            "domain_validation_options.#": "1",
                            "domain_validation_options.0.domain_name": "template.grassfeddata.com",
                            "domain_validation_options.0.resource_record_name": "_f9886ea1a1c6945b557deacd363d08c8.template.grassfeddata.com.",
                            "domain_validation_options.0.resource_record_type": "CNAME",
                            "domain_validation_options.0.resource_record_value": "_fb65b75be600b1a4298be7390d4a8858.acm-validations.aws.",
                            "id": "arn:aws:acm:us-east-1:526449708163:certificate/2705ee29-ddd3-410c-94f9-d5c2053b6434",
                            "subject_alternative_names.#": "0",
                            "tags.%": "1",
                            "tags.Environment": "test",
                            "validation_emails.#": "0",
                            "validation_method": "DNS"
                        },
                        "meta": {},
                        "tainted": false
                    },
                    "deposed": [],
                    "provider": "provider.aws"
                },
                "aws_acm_certificate_validation.cert": {
                    "type": "aws_acm_certificate_validation",
                    "depends_on": [
                        "aws_acm_certificate.cert",
                        "aws_route53_record.cert_validation"
                    ],
                    "primary": {
                        "id": "2018-03-20 16:33:57 +0000 UTC",
                        "attributes": {
                            "certificate_arn": "arn:aws:acm:us-east-1:526449708163:certificate/2705ee29-ddd3-410c-94f9-d5c2053b6434",
                            "id": "2018-03-20 16:33:57 +0000 UTC",
                            "validation_record_fqdns.#": "1",
                            "validation_record_fqdns.1149702148": "_f9886ea1a1c6945b557deacd363d08c8.template.grassfeddata.com"
                        },
                        "meta": {
                            "e2bfb730-ecaa-11e6-8f88-34363bc7c4c0": {
                                "create": 2700000000000
                            }
                        },
                        "tainted": false
                    },
                    "deposed": [],
                    "provider": "provider.aws"
                },
                "aws_cloudfront_distribution.s3_distribution": {
                    "type": "aws_cloudfront_distribution",
                    "depends_on": [
                        "aws_acm_certificate_validation.cert",
                        "aws_s3_bucket.logging",
                        "aws_s3_bucket.site_bucket"
                    ],
                    "primary": {
                        "id": "E3KFLTYS5XY04J",
                        "attributes": {
                            "active_trusted_signers.%": "2",
                            "active_trusted_signers.enabled": "false",
                            "active_trusted_signers.items.#": "0",
                            "aliases.#": "0",
                            "arn": "arn:aws:cloudfront::526449708163:distribution/E3KFLTYS5XY04J",
                            "cache_behavior.#": "0",
                            "caller_reference": "2018-03-20T09:46:50.181127-07:00",
                            "comment": "template distribution",
                            "custom_error_response.#": "1",
                            "custom_error_response.2058933713.error_caching_min_ttl": "30",
                            "custom_error_response.2058933713.error_code": "404",
                            "custom_error_response.2058933713.response_code": "200",
                            "custom_error_response.2058933713.response_page_path": "/index.html",
                            "default_cache_behavior.#": "1",
                            "default_cache_behavior.2988913426.allowed_methods.#": "7",
                            "default_cache_behavior.2988913426.allowed_methods.0": "HEAD",
                            "default_cache_behavior.2988913426.allowed_methods.1": "DELETE",
                            "default_cache_behavior.2988913426.allowed_methods.2": "POST",
                            "default_cache_behavior.2988913426.allowed_methods.3": "GET",
                            "default_cache_behavior.2988913426.allowed_methods.4": "OPTIONS",
                            "default_cache_behavior.2988913426.allowed_methods.5": "PUT",
                            "default_cache_behavior.2988913426.allowed_methods.6": "PATCH",
                            "default_cache_behavior.2988913426.cached_methods.#": "2",
                            "default_cache_behavior.2988913426.cached_methods.0": "HEAD",
                            "default_cache_behavior.2988913426.cached_methods.1": "GET",
                            "default_cache_behavior.2988913426.compress": "false",
                            "default_cache_behavior.2988913426.default_ttl": "3600",
                            "default_cache_behavior.2988913426.forwarded_values.#": "1",
                            "default_cache_behavior.2988913426.forwarded_values.2759845635.cookies.#": "1",
                            "default_cache_behavior.2988913426.forwarded_values.2759845635.cookies.2625240281.forward": "none",
                            "default_cache_behavior.2988913426.forwarded_values.2759845635.cookies.2625240281.whitelisted_names.#": "0",
                            "default_cache_behavior.2988913426.forwarded_values.2759845635.headers.#": "0",
                            "default_cache_behavior.2988913426.forwarded_values.2759845635.query_string": "false",
                            "default_cache_behavior.2988913426.forwarded_values.2759845635.query_string_cache_keys.#": "0",
                            "default_cache_behavior.2988913426.lambda_function_association.#": "0",
                            "default_cache_behavior.2988913426.max_ttl": "86400",
                            "default_cache_behavior.2988913426.min_ttl": "0",
                            "default_cache_behavior.2988913426.smooth_streaming": "false",
                            "default_cache_behavior.2988913426.target_origin_id": "myS3Origin",
                            "default_cache_behavior.2988913426.trusted_signers.#": "0",
                            "default_cache_behavior.2988913426.viewer_protocol_policy": "redirect-to-https",
                            "default_root_object": "index.html",
                            "domain_name": "d1hdh2f9j2vgty.cloudfront.net",
                            "enabled": "true",
                            "etag": "E2QVYMS0QHD0L3",
                            "hosted_zone_id": "Z2FDTNDATAQYW2",
                            "http_version": "http2",
                            "id": "E3KFLTYS5XY04J",
                            "in_progress_validation_batches": "0",
                            "is_ipv6_enabled": "true",
                            "last_modified_time": "2018-03-20 16:46:50.531 +0000 UTC",
                            "logging_config.#": "1",
                            "logging_config.106326613.bucket": "template-cloundfront-logs.s3.amazonaws.com",
                            "logging_config.106326613.include_cookies": "false",
                            "logging_config.106326613.prefix": "template",
                            "origin.#": "1",
                            "origin.1409960897.custom_header.#": "0",
                            "origin.1409960897.custom_origin_config.#": "0",
                            "origin.1409960897.domain_name": "tf-template-host-bucket.s3.amazonaws.com",
                            "origin.1409960897.origin_id": "myS3Origin",
                            "origin.1409960897.origin_path": "",
                            "origin.1409960897.s3_origin_config.#": "0",
                            "price_class": "PriceClass_100",
                            "restrictions.#": "1",
                            "restrictions.811065190.geo_restriction.#": "1",
                            "restrictions.811065190.geo_restriction.1303118592.locations.#": "4",
                            "restrictions.811065190.geo_restriction.1303118592.locations.0": "CA",
                            "restrictions.811065190.geo_restriction.1303118592.locations.1": "DE",
                            "restrictions.811065190.geo_restriction.1303118592.locations.2": "GB",
                            "restrictions.811065190.geo_restriction.1303118592.locations.3": "US",
                            "restrictions.811065190.geo_restriction.1303118592.restriction_type": "whitelist",
                            "retain_on_delete": "false",
                            "status": "Deployed",
                            "tags.%": "1",
                            "tags.Environment": "production",
                            "viewer_certificate.#": "1",
                            "viewer_certificate.211517049.acm_certificate_arn": "arn:aws:acm:us-east-1:526449708163:certificate/2705ee29-ddd3-410c-94f9-d5c2053b6434",
                            "viewer_certificate.211517049.cloudfront_default_certificate": "false",
                            "viewer_certificate.211517049.iam_certificate_id": "",
                            "viewer_certificate.211517049.minimum_protocol_version": "TLSv1",
                            "viewer_certificate.211517049.ssl_support_method": "sni-only",
                            "web_acl_id": ""
                        },
                        "meta": {},
                        "tainted": false
                    },
                    "deposed": [],
                    "provider": "provider.aws"
                },
                "aws_codebuild_project.template": {
                    "type": "aws_codebuild_project",
                    "depends_on": [
                        "aws_iam_role.codebuild_role"
                    ],
                    "primary": {
                        "id": "arn:aws:codebuild:us-east-1:526449708163:project/codebuild_template",
                        "attributes": {
                            "artifacts.#": "1",
                            "artifacts.2731293239.location": "",
                            "artifacts.2731293239.name": "codebuild_template",
                            "artifacts.2731293239.namespace_type": "",
                            "artifacts.2731293239.packaging": "NONE",
                            "artifacts.2731293239.path": "",
                            "artifacts.2731293239.type": "CODEPIPELINE",
                            "build_timeout": "15",
                            "description": "test_codebuild_project",
                            "encryption_key": "arn:aws:kms:us-east-1:526449708163:alias/aws/s3",
                            "environment.#": "1",
                            "environment.1509741452.compute_type": "BUILD_GENERAL1_SMALL",
                            "environment.1509741452.environment_variable.#": "0",
                            "environment.1509741452.image": "aws/codebuild/nodejs:6.3.1",
                            "environment.1509741452.privileged_mode": "false",
                            "environment.1509741452.type": "LINUX_CONTAINER",
                            "id": "arn:aws:codebuild:us-east-1:526449708163:project/codebuild_template",
                            "name": "codebuild_template",
                            "service_role": "arn:aws:iam::526449708163:role/codebuild-role-template",
                            "source.#": "1",
                            "source.1915211567.auth.#": "0",
                            "source.1915211567.buildspec": "",
                            "source.1915211567.location": "",
                            "source.1915211567.type": "CODEPIPELINE",
                            "tags.%": "1",
                            "tags.Environment": "Test",
                            "vpc_config.#": "0"
                        },
                        "meta": {},
                        "tainted": false
                    },
                    "deposed": [],
                    "provider": "provider.aws"
                },
                "aws_codepipeline.template": {
                    "type": "aws_codepipeline",
                    "depends_on": [
                        "aws_codebuild_project.template",
                        "aws_iam_role.template",
                        "aws_s3_bucket.template"
                    ],
                    "primary": {
                        "id": "tf-template-pipeline",
                        "attributes": {
                            "arn": "arn:aws:codepipeline:us-east-1:526449708163:tf-template-pipeline",
                            "artifact_store.#": "1",
                            "artifact_store.0.encryption_key.#": "0",
                            "artifact_store.0.location": "slick-nicks-test-bucket",
                            "artifact_store.0.type": "S3",
                            "id": "tf-template-pipeline",
                            "name": "tf-template-pipeline",
                            "role_arn": "arn:aws:iam::526449708163:role/template-role",
                            "stage.#": "3",
                            "stage.0.action.#": "1",
                            "stage.0.action.0.category": "Source",
                            "stage.0.action.0.configuration.%": "3",
                            "stage.0.action.0.configuration.Branch": "master",
                            "stage.0.action.0.configuration.Owner": "steph-query",
                            "stage.0.action.0.configuration.Repo": "craft-serverless-template",
                            "stage.0.action.0.input_artifacts.#": "0",
                            "stage.0.action.0.name": "Source",
                            "stage.0.action.0.output_artifacts.#": "1",
                            "stage.0.action.0.output_artifacts.0": "MyApp",
                            "stage.0.action.0.owner": "ThirdParty",
                            "stage.0.action.0.provider": "GitHub",
                            "stage.0.action.0.role_arn": "",
                            "stage.0.action.0.run_order": "1",
                            "stage.0.action.0.version": "1",
                            "stage.0.name": "Source",
                            "stage.1.action.#": "1",
                            "stage.1.action.0.category": "Build",
                            "stage.1.action.0.configuration.%": "1",
                            "stage.1.action.0.configuration.ProjectName": "codebuild_template",
                            "stage.1.action.0.input_artifacts.#": "1",
                            "stage.1.action.0.input_artifacts.0": "MyApp",
                            "stage.1.action.0.name": "Build",
                            "stage.1.action.0.output_artifacts.#": "1",
                            "stage.1.action.0.output_artifacts.0": "MyAppBuild",
                            "stage.1.action.0.owner": "AWS",
                            "stage.1.action.0.provider": "CodeBuild",
                            "stage.1.action.0.role_arn": "",
                            "stage.1.action.0.run_order": "1",
                            "stage.1.action.0.version": "1",
                            "stage.1.name": "Build",
                            "stage.2.action.#": "1",
                            "stage.2.action.0.category": "Invoke",
                            "stage.2.action.0.configuration.%": "1",
                            "stage.2.action.0.configuration.FunctionName": "arn:aws:lambda:us-east-1:526449708163:function:DeployTemplateLambda",
                            "stage.2.action.0.input_artifacts.#": "1",
                            "stage.2.action.0.input_artifacts.0": "MyAppBuild",
                            "stage.2.action.0.name": "Deploy",
                            "stage.2.action.0.output_artifacts.#": "0",
                            "stage.2.action.0.owner": "AWS",
                            "stage.2.action.0.provider": "Lambda",
                            "stage.2.action.0.role_arn": "",
                            "stage.2.action.0.run_order": "1",
                            "stage.2.action.0.version": "1",
                            "stage.2.name": "Deploy"
                        },
                        "meta": {},
                        "tainted": false
                    },
                    "deposed": [],
                    "provider": "provider.aws"
                },
                "aws_iam_policy.codebuild_policy": {
                    "type": "aws_iam_policy",
                    "depends_on": [
                        "aws_s3_bucket.template"
                    ],
                    "primary": {
                        "id": "arn:aws:iam::526449708163:policy/service-role/codebuild-policy",
                        "attributes": {
                            "arn": "arn:aws:iam::526449708163:policy/service-role/codebuild-policy",
                            "description": "Policy used in trust relationship with CodeBuild",
                            "id": "arn:aws:iam::526449708163:policy/service-role/codebuild-policy",
                            "name": "codebuild-policy",
                            "path": "/service-role/",
                            "policy": "{\n  \"Version\": \"2012-10-17\",\n  \"Statement\": [\n    {\n      \"Effect\": \"Allow\",\n      \"Resource\": [\n        \"*\"\n      ],\n      \"Action\": [\n        \"logs:CreateLogGroup\",\n        \"logs:CreateLogStream\",\n        \"logs:PutLogEvents\"\n      ]\n    },\n    {\n      \"Effect\":\"Allow\",\n      \"Action\": [\n        \"s3:*\"\n      ],\n      \"Resource\": [\n        \"arn:aws:s3:::slick-nicks-test-bucket\",\n        \"arn:aws:s3:::slick-nicks-test-bucket/*\"\n      ]\n    }\n  ]\n}\n"
                        },
                        "meta": {},
                        "tainted": false
                    },
                    "deposed": [],
                    "provider": "provider.aws"
                },
                "aws_iam_policy_attachment.codebuild_policy_attachment": {
                    "type": "aws_iam_policy_attachment",
                    "depends_on": [
                        "aws_iam_policy.codebuild_policy",
                        "aws_iam_role.codebuild_role"
                    ],
                    "primary": {
                        "id": "codebuild-policy-attachment",
                        "attributes": {
                            "groups.#": "0",
                            "id": "codebuild-policy-attachment",
                            "name": "codebuild-policy-attachment",
                            "policy_arn": "arn:aws:iam::526449708163:policy/service-role/codebuild-policy",
                            "roles.#": "1",
                            "roles.2292938139": "codebuild-role-template",
                            "users.#": "0"
                        },
                        "meta": {},
                        "tainted": false
                    },
                    "deposed": [],
                    "provider": "provider.aws"
                },
                "aws_iam_role.codebuild_role": {
                    "type": "aws_iam_role",
                    "depends_on": [],
                    "primary": {
                        "id": "codebuild-role-template",
                        "attributes": {
                            "arn": "arn:aws:iam::526449708163:role/codebuild-role-template",
                            "assume_role_policy": "{\"Version\":\"2012-10-17\",\"Statement\":[{\"Effect\":\"Allow\",\"Principal\":{\"Service\":\"codebuild.amazonaws.com\"},\"Action\":\"sts:AssumeRole\"}]}",
                            "create_date": "2018-03-20T03:00:00Z",
                            "force_detach_policies": "false",
                            "id": "codebuild-role-template",
                            "name": "codebuild-role-template",
                            "path": "/",
                            "unique_id": "AROAJMNC63UTFM3VU2EB6"
                        },
                        "meta": {},
                        "tainted": false
                    },
                    "deposed": [],
                    "provider": "provider.aws"
                },
                "aws_iam_role.template": {
                    "type": "aws_iam_role",
                    "depends_on": [],
                    "primary": {
                        "id": "template-role",
                        "attributes": {
                            "arn": "arn:aws:iam::526449708163:role/template-role",
                            "assume_role_policy": "{\"Version\":\"2012-10-17\",\"Statement\":[{\"Effect\":\"Allow\",\"Principal\":{\"Service\":\"codepipeline.amazonaws.com\"},\"Action\":\"sts:AssumeRole\"}]}",
                            "create_date": "2018-03-20T01:54:47Z",
                            "force_detach_policies": "false",
                            "id": "template-role",
                            "name": "template-role",
                            "path": "/",
                            "unique_id": "AROAIXSNUN5H6PQ7BVUH4"
                        },
                        "meta": {},
                        "tainted": false
                    },
                    "deposed": [],
                    "provider": "provider.aws"
                },
                "aws_iam_role_policy.codepipeline_policy": {
                    "type": "aws_iam_role_policy",
                    "depends_on": [
                        "aws_iam_role.template",
                        "aws_s3_bucket.template"
                    ],
                    "primary": {
                        "id": "template-role:codepipeline_policy",
                        "attributes": {
                            "id": "template-role:codepipeline_policy",
                            "name": "codepipeline_policy",
                            "policy": "{\n  \"Version\": \"2012-10-17\",\n  \"Statement\": [\n    {\n      \"Effect\":\"Allow\",\n      \"Action\": [\n        \"s3:*\"\n      ],\n      \"Resource\": [\n        \"arn:aws:s3:::slick-nicks-test-bucket\",\n        \"arn:aws:s3:::slick-nicks-test-bucket/*\"\n      ]\n    },\n    {\n      \"Effect\":\"Allow\",\n      \"Action\": [\n        \"lambda:ListFunctions\",\n        \"lambda:ListVersionsByFunction\",\n        \"lambda:GetEventSourceMapping\",\n        \"lambda:ListTags\",\n        \"lambda:GetFunction\",\n        \"lambda:ListAliases\",\n        \"lambda:ListEventSourceMappings\",\n        \"lambda:GetAccountSettings\",\n        \"lambda:GetFunctionConfiguration\",\n        \"lambda:GetAlias\",\n        \"lambda:GetPolicy\",\n        \"lambda:InvokeFunction\"\n      ],\n      \"Resource\": [\n        \"*\"\n      ]\n    },\n    {\n      \"Effect\": \"Allow\",\n      \"Action\": [\n        \"codebuild:BatchGetBuilds\",\n        \"codebuild:StartBuild\"\n      ],\n      \"Resource\": [\n        \"*\"\n      ]\n    }\n  ]\n}\n",
                            "role": "template-role"
                        },
                        "meta": {},
                        "tainted": false
                    },
                    "deposed": [],
                    "provider": "provider.aws"
                },
                "aws_route53_record.cert_validation": {
                    "type": "aws_route53_record",
                    "depends_on": [
                        "aws_acm_certificate.cert"
                    ],
                    "primary": {
                        "id": "ZBQFLJSFKZEB4__f9886ea1a1c6945b557deacd363d08c8.template.grassfeddata.com._CNAME",
                        "attributes": {
                            "allow_overwrite": "true",
                            "fqdn": "_f9886ea1a1c6945b557deacd363d08c8.template.grassfeddata.com",
                            "health_check_id": "",
                            "id": "ZBQFLJSFKZEB4__f9886ea1a1c6945b557deacd363d08c8.template.grassfeddata.com._CNAME",
                            "name": "_f9886ea1a1c6945b557deacd363d08c8.template.grassfeddata.com",
                            "records.#": "1",
                            "records.2839695977": "_fb65b75be600b1a4298be7390d4a8858.acm-validations.aws.",
                            "set_identifier": "",
                            "ttl": "60",
                            "type": "CNAME",
                            "zone_id": "ZBQFLJSFKZEB4"
                        },
                        "meta": {
                            "schema_version": "2"
                        },
                        "tainted": false
                    },
                    "deposed": [],
                    "provider": "provider.aws"
                },
                "aws_route53_record.domain": {
                    "type": "aws_route53_record",
                    "depends_on": [
                        "aws_cloudfront_distribution.s3_distribution"
                    ],
                    "primary": {
                        "id": "ZBQFLJSFKZEB4_template.grassfeddata.com_A",
                        "attributes": {
                            "alias.#": "1",
                            "alias.2976238338.evaluate_target_health": "true",
                            "alias.2976238338.name": "d1hdh2f9j2vgty.cloudfront.net",
                            "alias.2976238338.zone_id": "Z2FDTNDATAQYW2",
                            "allow_overwrite": "true",
                            "fqdn": "template.grassfeddata.com",
                            "health_check_id": "",
                            "id": "ZBQFLJSFKZEB4_template.grassfeddata.com_A",
                            "name": "template.grassfeddata.com",
                            "records.#": "0",
                            "set_identifier": "",
                            "ttl": "0",
                            "type": "A",
                            "zone_id": "ZBQFLJSFKZEB4"
                        },
                        "meta": {
                            "schema_version": "2"
                        },
                        "tainted": false
                    },
                    "deposed": [],
                    "provider": "provider.aws"
                },
                "aws_s3_bucket.logging": {
                    "type": "aws_s3_bucket",
                    "depends_on": [],
                    "primary": {
                        "id": "template-cloundfront-logs",
                        "attributes": {
                            "acceleration_status": "",
                            "acl": "private",
                            "arn": "arn:aws:s3:::template-cloundfront-logs",
                            "bucket": "template-cloundfront-logs",
                            "bucket_domain_name": "template-cloundfront-logs.s3.amazonaws.com",
                            "force_destroy": "false",
                            "hosted_zone_id": "Z3AQBSTGFYJSTF",
                            "id": "template-cloundfront-logs",
                            "logging.#": "0",
                            "region": "us-east-1",
                            "replication_configuration.#": "0",
                            "request_payer": "BucketOwner",
                            "server_side_encryption_configuration.#": "0",
                            "tags.%": "1",
                            "tags.Name": "template-cloudfront-logs",
                            "versioning.#": "1",
                            "versioning.0.enabled": "false",
                            "versioning.0.mfa_delete": "false",
                            "website.#": "0"
                        },
                        "meta": {},
                        "tainted": false
                    },
                    "deposed": [],
                    "provider": "provider.aws"
                },
                "aws_s3_bucket.site_bucket": {
                    "type": "aws_s3_bucket",
                    "depends_on": [],
                    "primary": {
                        "id": "tf-template-host-bucket",
                        "attributes": {
                            "acceleration_status": "",
                            "acl": "public-read",
                            "arn": "arn:aws:s3:::tf-template-host-bucket",
                            "bucket": "tf-template-host-bucket",
                            "bucket_domain_name": "tf-template-host-bucket.s3.amazonaws.com",
                            "force_destroy": "false",
                            "hosted_zone_id": "Z3AQBSTGFYJSTF",
                            "id": "tf-template-host-bucket",
                            "logging.#": "0",
                            "region": "us-east-1",
                            "replication_configuration.#": "0",
                            "request_payer": "BucketOwner",
                            "server_side_encryption_configuration.#": "0",
                            "tags.%": "0",
                            "versioning.#": "1",
                            "versioning.0.enabled": "false",
                            "versioning.0.mfa_delete": "false",
                            "website.#": "1",
                            "website.0.error_document": "",
                            "website.0.index_document": "index.html",
                            "website.0.redirect_all_requests_to": "",
                            "website.0.routing_rules": "",
                            "website_domain": "s3-website-us-east-1.amazonaws.com",
                            "website_endpoint": "tf-template-host-bucket.s3-website-us-east-1.amazonaws.com"
                        },
                        "meta": {},
                        "tainted": false
                    },
                    "deposed": [],
                    "provider": "provider.aws"
                },
                "aws_s3_bucket.template": {
                    "type": "aws_s3_bucket",
                    "depends_on": [],
                    "primary": {
                        "id": "slick-nicks-test-bucket",
                        "attributes": {
                            "acceleration_status": "",
                            "acl": "private",
                            "arn": "arn:aws:s3:::slick-nicks-test-bucket",
                            "bucket": "slick-nicks-test-bucket",
                            "bucket_domain_name": "slick-nicks-test-bucket.s3.amazonaws.com",
                            "force_destroy": "false",
                            "hosted_zone_id": "Z3AQBSTGFYJSTF",
                            "id": "slick-nicks-test-bucket",
                            "logging.#": "0",
                            "region": "us-east-1",
                            "replication_configuration.#": "0",
                            "request_payer": "BucketOwner",
                            "server_side_encryption_configuration.#": "0",
                            "tags.%": "0",
                            "versioning.#": "1",
                            "versioning.0.enabled": "false",
                            "versioning.0.mfa_delete": "false",
                            "website.#": "0"
                        },
                        "meta": {},
                        "tainted": false
                    },
                    "deposed": [],
                    "provider": "provider.aws"
                }
            },
            "depends_on": []
        }
    ]
}
